
Microsoft Visual Studio Solution File, Format Version 12.00
# Visual Studio Version 17
VisualStudioVersion = 17.2.32505.173
MinimumVisualStudioVersion = 10.0.40219.1
Project("{8BC9CEB8-8B4A-11D0-8D11-00A0C91BC942}") = "Functions", "Functions\Functions.vcxproj", "{6BFB66C1-C088-4608-98E3-47D6A40C3BCE}"
EndProject
Project("{8BC9CEB8-8B4A-11D0-8D11-00A0C91BC942}") = "HomeWork_1", "HomeWork_1\HomeWork_1.vcxproj", "{396103C5-50C6-4601-958E-47B225AE84FA}"
EndProject
Project("{8BC9CEB8-8B4A-11D0-8D11-00A0C91BC942}") = "Arrays", "Arrays\Arrays.vcxproj", "{E40C7DEB-CE2B-450A-BEBD-A67A359144B1}"
EndProject
Project("{8BC9CEB8-8B4A-11D0-8D11-00A0C91BC942}") = "Arrays_2", "Arrays_2\Arrays_2.vcxproj", "{3D896CAD-2EDB-456E-B27C-3E3097C7DF51}"
EndProject
Project("{8BC9CEB8-8B4A-11D0-8D11-00A0C91BC942}") = "Recursion", "Recursion\Recursion.vcxproj", "{28D447D0-987F-4004-A0DC-8DB8E5151C9E}"
EndProject
Project("{8BC9CEB8-8B4A-11D0-8D11-00A0C91BC942}") = "HomeWork_2", "HomeWork_2\HomeWork_2.vcxproj", "{A1756318-5AFF-4EC5-9B0A-8DBEFB6DADC8}"
EndProject
Global
	GlobalSection(SolutionConfigurationPlatforms) = preSolution
		Debug|x64 = Debug|x64
		Debug|x86 = Debug|x86
		Release|x64 = Release|x64
		Release|x86 = Release|x86
	EndGlobalSection
	GlobalSection(ProjectConfigurationPlatforms) = postSolution
		{6BFB66C1-C088-4608-98E3-47D6A40C3BCE}.Debug|x64.ActiveCfg = Debug|x64
		{6BFB66C1-C088-4608-98E3-47D6A40C3BCE}.Debug|x64.Build.0 = Debug|x64
		{6BFB66C1-C088-4608-98E3-47D6A40C3BCE}.Debug|x86.ActiveCfg = Debug|Win32
		{6BFB66C1-C088-4608-98E3-47D6A40C3BCE}.Debug|x86.Build.0 = Debug|Win32
		{6BFB66C1-C088-4608-98E3-47D6A40C3BCE}.Release|x64.ActiveCfg = Release|x64
		{6BFB66C1-C088-4608-98E3-47D6A40C3BCE}.Release|x64.Build.0 = Release|x64
		{6BFB66C1-C088-4608-98E3-47D6A40C3BCE}.Release|x86.ActiveCfg = Release|Win32
		{6BFB66C1-C088-4608-98E3-47D6A40C3BCE}.Release|x86.Build.0 = Release|Win32
		{396103C5-50C6-4601-958E-47B225AE84FA}.Debug|x64.ActiveCfg = Debug|x64
		{396103C5-50C6-4601-958E-47B225AE84FA}.Debug|x64.Build.0 = Debug|x64
		{396103C5-50C6-4601-958E-47B225AE84FA}.Debug|x86.ActiveCfg = Debug|Win32
		{396103C5-50C6-4601-958E-47B225AE84FA}.Debug|x86.Build.0 = Debug|Win32
		{396103C5-50C6-4601-958E-47B225AE84FA}.Release|x64.ActiveCfg = Release|x64
		{396103C5-50C6-4601-958E-47B225AE84FA}.Release|x64.Build.0 = Release|x64
		{396103C5-50C6-4601-958E-47B225AE84FA}.Release|x86.ActiveCfg = Release|Win32
		{396103C5-50C6-4601-958E-47B225AE84FA}.Release|x86.Build.0 = Release|Win32
		{E40C7DEB-CE2B-450A-BEBD-A67A359144B1}.Debug|x64.ActiveCfg = Debug|x64
		{E40C7DEB-CE2B-450A-BEBD-A67A359144B1}.Debug|x64.Build.0 = Debug|x64
		{E40C7DEB-CE2B-450A-BEBD-A67A359144B1}.Debug|x86.ActiveCfg = Debug|Win32
		{E40C7DEB-CE2B-450A-BEBD-A67A359144B1}.Debug|x86.Build.0 = Debug|Win32
		{E40C7DEB-CE2B-450A-BEBD-A67A359144B1}.Release|x64.ActiveCfg = Release|x64
		{E40C7DEB-CE2B-450A-BEBD-A67A359144B1}.Release|x64.Build.0 = Release|x64
		{E40C7DEB-CE2B-450A-BEBD-A67A359144B1}.Release|x86.ActiveCfg = Release|Win32
		{E40C7DEB-CE2B-450A-BEBD-A67A359144B1}.Release|x86.Build.0 = Release|Win32
		{3D896CAD-2EDB-456E-B27C-3E3097C7DF51}.Debug|x64.ActiveCfg = Debug|x64
		{3D896CAD-2EDB-456E-B27C-3E3097C7DF51}.Debug|x64.Build.0 = Debug|x64
		{3D896CAD-2EDB-456E-B27C-3E3097C7DF51}.Debug|x86.ActiveCfg = Debug|Win32
		{3D896CAD-2EDB-456E-B27C-3E3097C7DF51}.Debug|x86.Build.0 = Debug|Win32
		{3D896CAD-2EDB-456E-B27C-3E3097C7DF51}.Release|x64.ActiveCfg = Release|x64
		{3D896CAD-2EDB-456E-B27C-3E3097C7DF51}.Release|x64.Build.0 = Release|x64
		{3D896CAD-2EDB-456E-B27C-3E3097C7DF51}.Release|x86.ActiveCfg = Release|Win32
		{3D896CAD-2EDB-456E-B27C-3E3097C7DF51}.Release|x86.Build.0 = Release|Win32
		{28D447D0-987F-4004-A0DC-8DB8E5151C9E}.Debug|x64.ActiveCfg = Debug|x64
		{28D447D0-987F-4004-A0DC-8DB8E5151C9E}.Debug|x64.Build.0 = Debug|x64
		{28D447D0-987F-4004-A0DC-8DB8E5151C9E}.Debug|x86.ActiveCfg = Debug|Win32
		{28D447D0-987F-4004-A0DC-8DB8E5151C9E}.Debug|x86.Build.0 = Debug|Win32
		{28D447D0-987F-4004-A0DC-8DB8E5151C9E}.Release|x64.ActiveCfg = Release|x64
		{28D447D0-987F-4004-A0DC-8DB8E5151C9E}.Release|x64.Build.0 = Release|x64
		{28D447D0-987F-4004-A0DC-8DB8E5151C9E}.Release|x86.ActiveCfg = Release|Win32
		{28D447D0-987F-4004-A0DC-8DB8E5151C9E}.Release|x86.Build.0 = Release|Win32
		{A1756318-5AFF-4EC5-9B0A-8DBEFB6DADC8}.Debug|x64.ActiveCfg = Debug|x64
		{A1756318-5AFF-4EC5-9B0A-8DBEFB6DADC8}.Debug|x64.Build.0 = Debug|x64
		{A1756318-5AFF-4EC5-9B0A-8DBEFB6DADC8}.Debug|x86.ActiveCfg = Debug|Win32
		{A1756318-5AFF-4EC5-9B0A-8DBEFB6DADC8}.Debug|x86.Build.0 = Debug|Win32
		{A1756318-5AFF-4EC5-9B0A-8DBEFB6DADC8}.Release|x64.ActiveCfg = Release|x64
		{A1756318-5AFF-4EC5-9B0A-8DBEFB6DADC8}.Release|x64.Build.0 = Release|x64
		{A1756318-5AFF-4EC5-9B0A-8DBEFB6DADC8}.Release|x86.ActiveCfg = Release|Win32
		{A1756318-5AFF-4EC5-9B0A-8DBEFB6DADC8}.Release|x86.Build.0 = Release|Win32
	EndGlobalSection
	GlobalSection(SolutionProperties) = preSolution
		HideSolutionNode = FALSE
	EndGlobalSection
	GlobalSection(ExtensibilityGlobals) = postSolution
		SolutionGuid = {6F6E7AE7-8E8D-4FAF-A60A-3613AE92DAF1}
	EndGlobalSection
EndGlobal
